
Microsoft Visual Studio Solution File, Format Version 12.00
# Visual Studio Version 17
VisualStudioVersion = 17.0.31912.275
MinimumVisualStudioVersion = 10.0.40219.1
Project("{FAE04EC0-301F-11D3-BF4B-00C04F79EFBC}") = "demoapp", "demoapp\demoapp.csproj", "{A3B3227A-E2DD-4CBA-A172-C7862455EA22}"
EndProject
Global
	GlobalSection(SolutionConfigurationPlatforms) = preSolution
		Debug|Any CPU = Debug|Any CPU
		Release|Any CPU = Release|Any CPU
	EndGlobalSection
	GlobalSection(ProjectConfigurationPlatforms) = postSolution
		{A3B3227A-E2DD-4CBA-A172-C7862455EA22}.Debug|Any CPU.ActiveCfg = Debug|Any CPU
		{A3B3227A-E2DD-4CBA-A172-C7862455EA22}.Debug|Any CPU.Build.0 = Debug|Any CPU
		{A3B3227A-E2DD-4CBA-A172-C7862455EA22}.Release|Any CPU.ActiveCfg = Release|Any CPU
		{A3B3227A-E2DD-4CBA-A172-C7862455EA22}.Release|Any CPU.Build.0 = Release|Any CPU
	EndGlobalSection
	GlobalSection(SolutionProperties) = preSolution
		HideSolutionNode = FALSE
	EndGlobalSection
	GlobalSection(ExtensibilityGlobals) = postSolution
		SolutionGuid = {D0E56D59-9243-42DA-B4E2-7A15A7018847}
	EndGlobalSection
EndGlobal
